// !$*UTF8*$!
{
	archiveVersion = 1;
	classes = {
	};
	objectVersion = 50;
	objects = {

/* Begin PBXBuildFile section */
		1007337A21F4EC220096DD7E /* Artist.swift in Sources */ = {isa = PBXBuildFile; fileRef = 1007337921F4EC220096DD7E /* Artist.swift */; };
		10998B0621F382670044DBAA /* AppDelegate.swift in Sources */ = {isa = PBXBuildFile; fileRef = 10998B0521F382670044DBAA /* AppDelegate.swift */; };
		10998B0821F382670044DBAA /* ViewController.swift in Sources */ = {isa = PBXBuildFile; fileRef = 10998B0721F382670044DBAA /* ViewController.swift */; };
		10998B0B21F382670044DBAA /* Main.storyboard in Resources */ = {isa = PBXBuildFile; fileRef = 10998B0921F382670044DBAA /* Main.storyboard */; };
		10998B0D21F382690044DBAA /* Assets.xcassets in Resources */ = {isa = PBXBuildFile; fileRef = 10998B0C21F382690044DBAA /* Assets.xcassets */; };
		10998B1021F382690044DBAA /* LaunchScreen.storyboard in Resources */ = {isa = PBXBuildFile; fileRef = 10998B0E21F382690044DBAA /* LaunchScreen.storyboard */; };
		10998B1B21F382690044DBAA /* Swift_MusicTests.swift in Sources */ = {isa = PBXBuildFile; fileRef = 10998B1A21F382690044DBAA /* Swift_MusicTests.swift */; };
		10B9D71521F39F9100FB494A /* ChartsManager.swift in Sources */ = {isa = PBXBuildFile; fileRef = 10B9D71421F39F9100FB494A /* ChartsManager.swift */; };
		10D776A921F3901F0075D69A /* APIManager.swift in Sources */ = {isa = PBXBuildFile; fileRef = 10D776A821F3901F0075D69A /* APIManager.swift */; };
		10D776AD21F397E80075D69A /* APIConfig.stencil in Resources */ = {isa = PBXBuildFile; fileRef = 10D776AC21F397E80075D69A /* APIConfig.stencil */; };
		10D776B021F39AC30075D69A /* APIConfig.generated.swift in Sources */ = {isa = PBXBuildFile; fileRef = 10D776AF21F39AC30075D69A /* APIConfig.generated.swift */; };
		2441E215B5B747B045A1EE49 /* Pods_Swift_MusicTests.framework in Frameworks */ = {isa = PBXBuildFile; fileRef = DF89213F1EF27242E0B41E9F /* Pods_Swift_MusicTests.framework */; };
		9EC06377C88885D5FE460AFB /* Pods_Swift_Music.framework in Frameworks */ = {isa = PBXBuildFile; fileRef = D5943F780C1B60C5598FF125 /* Pods_Swift_Music.framework */; };
/* End PBXBuildFile section */

/* Begin PBXContainerItemProxy section */
		10998B1721F382690044DBAA /* PBXContainerItemProxy */ = {
			isa = PBXContainerItemProxy;
			containerPortal = 10998AFA21F382670044DBAA /* Project object */;
			proxyType = 1;
			remoteGlobalIDString = 10998B0121F382670044DBAA;
			remoteInfo = "Swift-Weather";
		};
/* End PBXContainerItemProxy section */

/* Begin PBXFileReference section */
		093DADF326BCE642C02CD0A2 /* Pods-Swift-MusicTests.release.xcconfig */ = {isa = PBXFileReference; includeInIndex = 1; lastKnownFileType = text.xcconfig; name = "Pods-Swift-MusicTests.release.xcconfig"; path = "Pods/Target Support Files/Pods-Swift-MusicTests/Pods-Swift-MusicTests.release.xcconfig"; sourceTree = "<group>"; };
		1007337921F4EC220096DD7E /* Artist.swift */ = {isa = PBXFileReference; lastKnownFileType = sourcecode.swift; path = Artist.swift; sourceTree = "<group>"; };
		10998B0221F382670044DBAA /* Swift-Music.app */ = {isa = PBXFileReference; explicitFileType = wrapper.application; includeInIndex = 0; path = "Swift-Music.app"; sourceTree = BUILT_PRODUCTS_DIR; };
		10998B0521F382670044DBAA /* AppDelegate.swift */ = {isa = PBXFileReference; lastKnownFileType = sourcecode.swift; path = AppDelegate.swift; sourceTree = "<group>"; };
		10998B0721F382670044DBAA /* ViewController.swift */ = {isa = PBXFileReference; lastKnownFileType = sourcecode.swift; path = ViewController.swift; sourceTree = "<group>"; };
		10998B0A21F382670044DBAA /* Base */ = {isa = PBXFileReference; lastKnownFileType = file.storyboard; name = Base; path = Base.lproj/Main.storyboard; sourceTree = "<group>"; };
		10998B0C21F382690044DBAA /* Assets.xcassets */ = {isa = PBXFileReference; lastKnownFileType = folder.assetcatalog; path = Assets.xcassets; sourceTree = "<group>"; };
		10998B0F21F382690044DBAA /* Base */ = {isa = PBXFileReference; lastKnownFileType = file.storyboard; name = Base; path = Base.lproj/LaunchScreen.storyboard; sourceTree = "<group>"; };
		10998B1121F382690044DBAA /* Info.plist */ = {isa = PBXFileReference; lastKnownFileType = text.plist.xml; path = Info.plist; sourceTree = "<group>"; };
		10998B1621F382690044DBAA /* Swift-MusicTests.xctest */ = {isa = PBXFileReference; explicitFileType = wrapper.cfbundle; includeInIndex = 0; path = "Swift-MusicTests.xctest"; sourceTree = BUILT_PRODUCTS_DIR; };
		10998B1A21F382690044DBAA /* Swift_MusicTests.swift */ = {isa = PBXFileReference; lastKnownFileType = sourcecode.swift; path = Swift_MusicTests.swift; sourceTree = "<group>"; };
		10998B1C21F382690044DBAA /* Info.plist */ = {isa = PBXFileReference; lastKnownFileType = text.plist.xml; path = Info.plist; sourceTree = "<group>"; };
		10B9D71421F39F9100FB494A /* ChartsManager.swift */ = {isa = PBXFileReference; lastKnownFileType = sourcecode.swift; path = ChartsManager.swift; sourceTree = "<group>"; };
		10D776A821F3901F0075D69A /* APIManager.swift */ = {isa = PBXFileReference; lastKnownFileType = sourcecode.swift; path = APIManager.swift; sourceTree = "<group>"; };
		10D776AC21F397E80075D69A /* APIConfig.stencil */ = {isa = PBXFileReference; lastKnownFileType = text; path = APIConfig.stencil; sourceTree = "<group>"; };
		10D776AF21F39AC30075D69A /* APIConfig.generated.swift */ = {isa = PBXFileReference; fileEncoding = 4; lastKnownFileType = sourcecode.swift; path = APIConfig.generated.swift; sourceTree = "<group>"; };
		299CA51522FB672B88E144D4 /* Pods-Swift-MusicTests.debug.xcconfig */ = {isa = PBXFileReference; includeInIndex = 1; lastKnownFileType = text.xcconfig; name = "Pods-Swift-MusicTests.debug.xcconfig"; path = "Pods/Target Support Files/Pods-Swift-MusicTests/Pods-Swift-MusicTests.debug.xcconfig"; sourceTree = "<group>"; };
		82A83FC8D33526A2D2160D5F /* Pods-Swift-Music.release.xcconfig */ = {isa = PBXFileReference; includeInIndex = 1; lastKnownFileType = text.xcconfig; name = "Pods-Swift-Music.release.xcconfig"; path = "Pods/Target Support Files/Pods-Swift-Music/Pods-Swift-Music.release.xcconfig"; sourceTree = "<group>"; };
		D5943F780C1B60C5598FF125 /* Pods_Swift_Music.framework */ = {isa = PBXFileReference; explicitFileType = wrapper.framework; includeInIndex = 0; path = Pods_Swift_Music.framework; sourceTree = BUILT_PRODUCTS_DIR; };
		DF89213F1EF27242E0B41E9F /* Pods_Swift_MusicTests.framework */ = {isa = PBXFileReference; explicitFileType = wrapper.framework; includeInIndex = 0; path = Pods_Swift_MusicTests.framework; sourceTree = BUILT_PRODUCTS_DIR; };
		FF5E19D9ACDABD3FF76DB2FB /* Pods-Swift-Music.debug.xcconfig */ = {isa = PBXFileReference; includeInIndex = 1; lastKnownFileType = text.xcconfig; name = "Pods-Swift-Music.debug.xcconfig"; path = "Pods/Target Support Files/Pods-Swift-Music/Pods-Swift-Music.debug.xcconfig"; sourceTree = "<group>"; };
/* End PBXFileReference section */

/* Begin PBXFrameworksBuildPhase section */
		10998AFF21F382670044DBAA /* Frameworks */ = {
			isa = PBXFrameworksBuildPhase;
			buildActionMask = 2147483647;
			files = (
				9EC06377C88885D5FE460AFB /* Pods_Swift_Music.framework in Frameworks */,
			);
			runOnlyForDeploymentPostprocessing = 0;
		};
		10998B1321F382690044DBAA /* Frameworks */ = {
			isa = PBXFrameworksBuildPhase;
			buildActionMask = 2147483647;
			files = (
				2441E215B5B747B045A1EE49 /* Pods_Swift_MusicTests.framework in Frameworks */,
			);
			runOnlyForDeploymentPostprocessing = 0;
		};
/* End PBXFrameworksBuildPhase section */

/* Begin PBXGroup section */
		106E2A5221F382EE00B50A56 /* App Delegate */ = {
			isa = PBXGroup;
			children = (
				10998B0521F382670044DBAA /* AppDelegate.swift */,
			);
			path = "App Delegate";
			sourceTree = "<group>";
		};
		106E2A5321F3831500B50A56 /* Models */ = {
			isa = PBXGroup;
			children = (
				1007337921F4EC220096DD7E /* Artist.swift */,
			);
			path = Models;
			sourceTree = "<group>";
		};
		106E2A5421F3831F00B50A56 /* Views */ = {
			isa = PBXGroup;
			children = (
			);
			path = Views;
			sourceTree = "<group>";
		};
		106E2A5521F3833800B50A56 /* Controllers */ = {
			isa = PBXGroup;
			children = (
				10998B0721F382670044DBAA /* ViewController.swift */,
			);
			path = Controllers;
			sourceTree = "<group>";
		};
		106E2A5621F3835100B50A56 /* Helpers */ = {
			isa = PBXGroup;
			children = (
				10D776AF21F39AC30075D69A /* APIConfig.generated.swift */,
				10D776AC21F397E80075D69A /* APIConfig.stencil */,
				10D776A821F3901F0075D69A /* APIManager.swift */,
				10B9D71421F39F9100FB494A /* ChartsManager.swift */,
			);
			path = Helpers;
			sourceTree = "<group>";
		};
		106E2A5721F3836100B50A56 /* Storyboards */ = {
			isa = PBXGroup;
			children = (
				10998B0921F382670044DBAA /* Main.storyboard */,
				10998B0E21F382690044DBAA /* LaunchScreen.storyboard */,
			);
			path = Storyboards;
			sourceTree = "<group>";
		};
		10998AF921F382670044DBAA = {
			isa = PBXGroup;
			children = (
				10998B0421F382670044DBAA /* Swift-Music */,
				10998B1921F382690044DBAA /* Swift-MusicTests */,
				10998B0321F382670044DBAA /* Products */,
				B8F7F4B243403D6157CCB50C /* Pods */,
				9DF44A224CB46B908C4FC029 /* Frameworks */,
			);
			sourceTree = "<group>";
		};
		10998B0321F382670044DBAA /* Products */ = {
			isa = PBXGroup;
			children = (
				10998B0221F382670044DBAA /* Swift-Music.app */,
				10998B1621F382690044DBAA /* Swift-MusicTests.xctest */,
			);
			name = Products;
			sourceTree = "<group>";
		};
		10998B0421F382670044DBAA /* Swift-Music */ = {
			isa = PBXGroup;
			children = (
				106E2A5221F382EE00B50A56 /* App Delegate */,
				106E2A5321F3831500B50A56 /* Models */,
				106E2A5421F3831F00B50A56 /* Views */,
				106E2A5521F3833800B50A56 /* Controllers */,
				106E2A5621F3835100B50A56 /* Helpers */,
				106E2A5721F3836100B50A56 /* Storyboards */,
				10998B0C21F382690044DBAA /* Assets.xcassets */,
				10998B1121F382690044DBAA /* Info.plist */,
			);
			path = "Swift-Music";
			sourceTree = "<group>";
		};
		10998B1921F382690044DBAA /* Swift-MusicTests */ = {
			isa = PBXGroup;
			children = (
				10998B1A21F382690044DBAA /* Swift_MusicTests.swift */,
				10998B1C21F382690044DBAA /* Info.plist */,
			);
			path = "Swift-MusicTests";
			sourceTree = "<group>";
		};
		9DF44A224CB46B908C4FC029 /* Frameworks */ = {
			isa = PBXGroup;
			children = (
				D5943F780C1B60C5598FF125 /* Pods_Swift_Music.framework */,
				DF89213F1EF27242E0B41E9F /* Pods_Swift_MusicTests.framework */,
			);
			name = Frameworks;
			sourceTree = "<group>";
		};
		B8F7F4B243403D6157CCB50C /* Pods */ = {
			isa = PBXGroup;
			children = (
				FF5E19D9ACDABD3FF76DB2FB /* Pods-Swift-Music.debug.xcconfig */,
				82A83FC8D33526A2D2160D5F /* Pods-Swift-Music.release.xcconfig */,
				299CA51522FB672B88E144D4 /* Pods-Swift-MusicTests.debug.xcconfig */,
				093DADF326BCE642C02CD0A2 /* Pods-Swift-MusicTests.release.xcconfig */,
			);
			name = Pods;
			sourceTree = "<group>";
		};
/* End PBXGroup section */

/* Begin PBXNativeTarget section */
		10998B0121F382670044DBAA /* Swift-Music */ = {
			isa = PBXNativeTarget;
			buildConfigurationList = 10998B1F21F382690044DBAA /* Build configuration list for PBXNativeTarget "Swift-Music" */;
			buildPhases = (
				2ECA4E2F64E334D5B5F24E1B /* [CP] Check Pods Manifest.lock */,
				10D776B121F39C930075D69A /* Always Run Script */,
				10D776AE21F3988C0075D69A /* Generate APIConfig.swift */,
				10998AFE21F382670044DBAA /* Sources */,
				10998AFF21F382670044DBAA /* Frameworks */,
				10998B0021F382670044DBAA /* Resources */,
				5272371162CAC13EDBBD8084 /* [CP] Embed Pods Frameworks */,
			);
			buildRules = (
			);
			dependencies = (
			);
			name = "Swift-Music";
			productName = "Swift-Weather";
			productReference = 10998B0221F382670044DBAA /* Swift-Music.app */;
			productType = "com.apple.product-type.application";
		};
		10998B1521F382690044DBAA /* Swift-MusicTests */ = {
			isa = PBXNativeTarget;
			buildConfigurationList = 10998B2221F382690044DBAA /* Build configuration list for PBXNativeTarget "Swift-MusicTests" */;
			buildPhases = (
				C94913BEBF9BC3933A985C91 /* [CP] Check Pods Manifest.lock */,
				10998B1221F382690044DBAA /* Sources */,
				10998B1321F382690044DBAA /* Frameworks */,
				10998B1421F382690044DBAA /* Resources */,
			);
			buildRules = (
			);
			dependencies = (
				10998B1821F382690044DBAA /* PBXTargetDependency */,
			);
			name = "Swift-MusicTests";
			productName = "Swift-WeatherTests";
			productReference = 10998B1621F382690044DBAA /* Swift-MusicTests.xctest */;
			productType = "com.apple.product-type.bundle.unit-test";
		};
/* End PBXNativeTarget section */

/* Begin PBXProject section */
		10998AFA21F382670044DBAA /* Project object */ = {
			isa = PBXProject;
			attributes = {
				LastSwiftUpdateCheck = 1010;
				LastUpgradeCheck = 1010;
				ORGANIZATIONNAME = "James Shaw";
				TargetAttributes = {
					10998B0121F382670044DBAA = {
						CreatedOnToolsVersion = 10.1;
					};
					10998B1521F382690044DBAA = {
						CreatedOnToolsVersion = 10.1;
						TestTargetID = 10998B0121F382670044DBAA;
					};
				};
			};
			buildConfigurationList = 10998AFD21F382670044DBAA /* Build configuration list for PBXProject "Swift-Music" */;
			compatibilityVersion = "Xcode 9.3";
			developmentRegion = en;
			hasScannedForEncodings = 0;
			knownRegions = (
				en,
				Base,
			);
			mainGroup = 10998AF921F382670044DBAA;
			productRefGroup = 10998B0321F382670044DBAA /* Products */;
			projectDirPath = "";
			projectRoot = "";
			targets = (
				10998B0121F382670044DBAA /* Swift-Music */,
				10998B1521F382690044DBAA /* Swift-MusicTests */,
			);
		};
/* End PBXProject section */

/* Begin PBXResourcesBuildPhase section */
		10998B0021F382670044DBAA /* Resources */ = {
			isa = PBXResourcesBuildPhase;
			buildActionMask = 2147483647;
			files = (
				10998B1021F382690044DBAA /* LaunchScreen.storyboard in Resources */,
				10D776AD21F397E80075D69A /* APIConfig.stencil in Resources */,
				10998B0D21F382690044DBAA /* Assets.xcassets in Resources */,
				10998B0B21F382670044DBAA /* Main.storyboard in Resources */,
			);
			runOnlyForDeploymentPostprocessing = 0;
		};
		10998B1421F382690044DBAA /* Resources */ = {
			isa = PBXResourcesBuildPhase;
			buildActionMask = 2147483647;
			files = (
			);
			runOnlyForDeploymentPostprocessing = 0;
		};
/* End PBXResourcesBuildPhase section */

/* Begin PBXShellScriptBuildPhase section */
		10D776AE21F3988C0075D69A /* Generate APIConfig.swift */ = {
			isa = PBXShellScriptBuildPhase;
			buildActionMask = 2147483647;
			files = (
			);
			inputFileListPaths = (
			);
			inputPaths = (
				"${SRCROOT}/.alwaysRun",
			);
			name = "Generate APIConfig.swift";
			outputFileListPaths = (
			);
			outputPaths = (
				"${SRCROOT}/${TARGET_NAME}/Helpers/APIConfig.generated.swift",
			);
			runOnlyForDeploymentPostprocessing = 0;
			shellPath = /bin/bash;
			shellScript = "#check if env-vars.sh exists\nif [ -f ./env-vars.sh ]\nthen\nsource ./env-vars.sh\nfi\n#no `else` case needed if the CI works as expected\n${PODS_ROOT}/Sourcery/bin/sourcery --templates ./Swift-Music/Helpers/ --output ./Swift-Music/Helpers/ --sources ./Swift-Music/ --args lastfm_api_key=$LASTFM_API_KEY\n";
		};
		10D776B121F39C930075D69A /* Always Run Script */ = {
			isa = PBXShellScriptBuildPhase;
			buildActionMask = 2147483647;
			files = (
			);
			inputFileListPaths = (
			);
			inputPaths = (
			);
			name = "Always Run Script";
			outputFileListPaths = (
			);
			outputPaths = (
			);
			runOnlyForDeploymentPostprocessing = 0;
			shellPath = /bin/sh;
			shellScript = "# Type a script or drag a script file from your workspace to insert its path.\ntouch ${SRCROOT}/.alwaysRun\n";
		};
		2ECA4E2F64E334D5B5F24E1B /* [CP] Check Pods Manifest.lock */ = {
			isa = PBXShellScriptBuildPhase;
			buildActionMask = 2147483647;
			files = (
			);
			inputFileListPaths = (
			);
			inputPaths = (
				"${PODS_PODFILE_DIR_PATH}/Podfile.lock",
				"${PODS_ROOT}/Manifest.lock",
			);
			name = "[CP] Check Pods Manifest.lock";
			outputFileListPaths = (
			);
			outputPaths = (
				"$(DERIVED_FILE_DIR)/Pods-Swift-Music-checkManifestLockResult.txt",
			);
			runOnlyForDeploymentPostprocessing = 0;
			shellPath = /bin/sh;
			shellScript = "diff \"${PODS_PODFILE_DIR_PATH}/Podfile.lock\" \"${PODS_ROOT}/Manifest.lock\" > /dev/null\nif [ $? != 0 ] ; then\n    # print error to STDERR\n    echo \"error: The sandbox is not in sync with the Podfile.lock. Run 'pod install' or update your CocoaPods installation.\" >&2\n    exit 1\nfi\n# This output is used by Xcode 'outputs' to avoid re-running this script phase.\necho \"SUCCESS\" > \"${SCRIPT_OUTPUT_FILE_0}\"\n";
			showEnvVarsInLog = 0;
		};
		5272371162CAC13EDBBD8084 /* [CP] Embed Pods Frameworks */ = {
			isa = PBXShellScriptBuildPhase;
			buildActionMask = 2147483647;
			files = (
			);
			inputFileListPaths = (
			);
			inputPaths = (
				"${SRCROOT}/Pods/Target Support Files/Pods-Swift-Music/Pods-Swift-Music-frameworks.sh",
				"${BUILT_PRODUCTS_DIR}/Alamofire/Alamofire.framework",
				"${BUILT_PRODUCTS_DIR}/ViewAnimator/ViewAnimator.framework",
			);
			name = "[CP] Embed Pods Frameworks";
			outputFileListPaths = (
			);
			outputPaths = (
				"${TARGET_BUILD_DIR}/${FRAMEWORKS_FOLDER_PATH}/Alamofire.framework",
				"${TARGET_BUILD_DIR}/${FRAMEWORKS_FOLDER_PATH}/ViewAnimator.framework",
			);
			runOnlyForDeploymentPostprocessing = 0;
			shellPath = /bin/sh;
			shellScript = "\"${SRCROOT}/Pods/Target Support Files/Pods-Swift-Music/Pods-Swift-Music-frameworks.sh\"\n";
			showEnvVarsInLog = 0;
		};
		C94913BEBF9BC3933A985C91 /* [CP] Check Pods Manifest.lock */ = {
			isa = PBXShellScriptBuildPhase;
			buildActionMask = 2147483647;
			files = (
			);
			inputFileListPaths = (
			);
			inputPaths = (
				"${PODS_PODFILE_DIR_PATH}/Podfile.lock",
				"${PODS_ROOT}/Manifest.lock",
			);
			name = "[CP] Check Pods Manifest.lock";
			outputFileListPaths = (
			);
			outputPaths = (
				"$(DERIVED_FILE_DIR)/Pods-Swift-MusicTests-checkManifestLockResult.txt",
			);
			runOnlyForDeploymentPostprocessing = 0;
			shellPath = /bin/sh;
			shellScript = "diff \"${PODS_PODFILE_DIR_PATH}/Podfile.lock\" \"${PODS_ROOT}/Manifest.lock\" > /dev/null\nif [ $? != 0 ] ; then\n    # print error to STDERR\n    echo \"error: The sandbox is not in sync with the Podfile.lock. Run 'pod install' or update your CocoaPods installation.\" >&2\n    exit 1\nfi\n# This output is used by Xcode 'outputs' to avoid re-running this script phase.\necho \"SUCCESS\" > \"${SCRIPT_OUTPUT_FILE_0}\"\n";
			showEnvVarsInLog = 0;
		};
/* End PBXShellScriptBuildPhase section */

/* Begin PBXSourcesBuildPhase section */
		10998AFE21F382670044DBAA /* Sources */ = {
			isa = PBXSourcesBuildPhase;
			buildActionMask = 2147483647;
			files = (
				1007337A21F4EC220096DD7E /* Artist.swift in Sources */,
				10D776A921F3901F0075D69A /* APIManager.swift in Sources */,
				10D776B021F39AC30075D69A /* APIConfig.generated.swift in Sources */,
				10B9D71521F39F9100FB494A /* ChartsManager.swift in Sources */,
				10998B0821F382670044DBAA /* ViewController.swift in Sources */,
				10998B0621F382670044DBAA /* AppDelegate.swift in Sources */,
			);
			runOnlyForDeploymentPostprocessing = 0;
		};
		10998B1221F382690044DBAA /* Sources */ = {
			isa = PBXSourcesBuildPhase;
			buildActionMask = 2147483647;
			files = (
				10998B1B21F382690044DBAA /* Swift_MusicTests.swift in Sources */,
			);
			runOnlyForDeploymentPostprocessing = 0;
		};
/* End PBXSourcesBuildPhase section */

/* Begin PBXTargetDependency section */
		10998B1821F382690044DBAA /* PBXTargetDependency */ = {
			isa = PBXTargetDependency;
			target = 10998B0121F382670044DBAA /* Swift-Music */;
			targetProxy = 10998B1721F382690044DBAA /* PBXContainerItemProxy */;
		};
/* End PBXTargetDependency section */

/* Begin PBXVariantGroup section */
		10998B0921F382670044DBAA /* Main.storyboard */ = {
			isa = PBXVariantGroup;
			children = (
				10998B0A21F382670044DBAA /* Base */,
			);
			name = Main.storyboard;
			sourceTree = "<group>";
		};
		10998B0E21F382690044DBAA /* LaunchScreen.storyboard */ = {
			isa = PBXVariantGroup;
			children = (
				10998B0F21F382690044DBAA /* Base */,
			);
			name = LaunchScreen.storyboard;
			sourceTree = "<group>";
		};
/* End PBXVariantGroup section */

/* Begin XCBuildConfiguration section */
		10998B1D21F382690044DBAA /* Debug */ = {
			isa = XCBuildConfiguration;
			buildSettings = {
				ALWAYS_SEARCH_USER_PATHS = NO;
				CLANG_ANALYZER_NONNULL = YES;
				CLANG_ANALYZER_NUMBER_OBJECT_CONVERSION = YES_AGGRESSIVE;
				CLANG_CXX_LANGUAGE_STANDARD = "gnu++14";
				CLANG_CXX_LIBRARY = "libc++";
				CLANG_ENABLE_MODULES = YES;
				CLANG_ENABLE_OBJC_ARC = YES;
				CLANG_ENABLE_OBJC_WEAK = YES;
				CLANG_WARN_BLOCK_CAPTURE_AUTORELEASING = YES;
				CLANG_WARN_BOOL_CONVERSION = YES;
				CLANG_WARN_COMMA = YES;
				CLANG_WARN_CONSTANT_CONVERSION = YES;
				CLANG_WARN_DEPRECATED_OBJC_IMPLEMENTATIONS = YES;
				CLANG_WARN_DIRECT_OBJC_ISA_USAGE = YES_ERROR;
				CLANG_WARN_DOCUMENTATION_COMMENTS = YES;
				CLANG_WARN_EMPTY_BODY = YES;
				CLANG_WARN_ENUM_CONVERSION = YES;
				CLANG_WARN_INFINITE_RECURSION = YES;
				CLANG_WARN_INT_CONVERSION = YES;
				CLANG_WARN_NON_LITERAL_NULL_CONVERSION = YES;
				CLANG_WARN_OBJC_IMPLICIT_RETAIN_SELF = YES;
				CLANG_WARN_OBJC_LITERAL_CONVERSION = YES;
				CLANG_WARN_OBJC_ROOT_CLASS = YES_ERROR;
				CLANG_WARN_RANGE_LOOP_ANALYSIS = YES;
				CLANG_WARN_STRICT_PROTOTYPES = YES;
				CLANG_WARN_SUSPICIOUS_MOVE = YES;
				CLANG_WARN_UNGUARDED_AVAILABILITY = YES_AGGRESSIVE;
				CLANG_WARN_UNREACHABLE_CODE = YES;
				CLANG_WARN__DUPLICATE_METHOD_MATCH = YES;
				CODE_SIGN_IDENTITY = "iPhone Developer";
				COPY_PHASE_STRIP = NO;
				DEBUG_INFORMATION_FORMAT = dwarf;
				ENABLE_STRICT_OBJC_MSGSEND = YES;
				ENABLE_TESTABILITY = YES;
				GCC_C_LANGUAGE_STANDARD = gnu11;
				GCC_DYNAMIC_NO_PIC = NO;
				GCC_NO_COMMON_BLOCKS = YES;
				GCC_OPTIMIZATION_LEVEL = 0;
				GCC_PREPROCESSOR_DEFINITIONS = (
					"DEBUG=1",
					"$(inherited)",
				);
				GCC_WARN_64_TO_32_BIT_CONVERSION = YES;
				GCC_WARN_ABOUT_RETURN_TYPE = YES_ERROR;
				GCC_WARN_UNDECLARED_SELECTOR = YES;
				GCC_WARN_UNINITIALIZED_AUTOS = YES_AGGRESSIVE;
				GCC_WARN_UNUSED_FUNCTION = YES;
				GCC_WARN_UNUSED_VARIABLE = YES;
				IPHONEOS_DEPLOYMENT_TARGET = 12.1;
				MTL_ENABLE_DEBUG_INFO = INCLUDE_SOURCE;
				MTL_FAST_MATH = YES;
				ONLY_ACTIVE_ARCH = YES;
				SDKROOT = iphoneos;
				SWIFT_ACTIVE_COMPILATION_CONDITIONS = DEBUG;
				SWIFT_OPTIMIZATION_LEVEL = "-Onone";
			};
			name = Debug;
		};
		10998B1E21F382690044DBAA /* Release */ = {
			isa = XCBuildConfiguration;
			buildSettings = {
				ALWAYS_SEARCH_USER_PATHS = NO;
				CLANG_ANALYZER_NONNULL = YES;
				CLANG_ANALYZER_NUMBER_OBJECT_CONVERSION = YES_AGGRESSIVE;
				CLANG_CXX_LANGUAGE_STANDARD = "gnu++14";
				CLANG_CXX_LIBRARY = "libc++";
				CLANG_ENABLE_MODULES = YES;
				CLANG_ENABLE_OBJC_ARC = YES;
				CLANG_ENABLE_OBJC_WEAK = YES;
				CLANG_WARN_BLOCK_CAPTURE_AUTORELEASING = YES;
				CLANG_WARN_BOOL_CONVERSION = YES;
				CLANG_WARN_COMMA = YES;
				CLANG_WARN_CONSTANT_CONVERSION = YES;
				CLANG_WARN_DEPRECATED_OBJC_IMPLEMENTATIONS = YES;
				CLANG_WARN_DIRECT_OBJC_ISA_USAGE = YES_ERROR;
				CLANG_WARN_DOCUMENTATION_COMMENTS = YES;
				CLANG_WARN_EMPTY_BODY = YES;
				CLANG_WARN_ENUM_CONVERSION = YES;
				CLANG_WARN_INFINITE_RECURSION = YES;
				CLANG_WARN_INT_CONVERSION = YES;
				CLANG_WARN_NON_LITERAL_NULL_CONVERSION = YES;
				CLANG_WARN_OBJC_IMPLICIT_RETAIN_SELF = YES;
				CLANG_WARN_OBJC_LITERAL_CONVERSION = YES;
				CLANG_WARN_OBJC_ROOT_CLASS = YES_ERROR;
				CLANG_WARN_RANGE_LOOP_ANALYSIS = YES;
				CLANG_WARN_STRICT_PROTOTYPES = YES;
				CLANG_WARN_SUSPICIOUS_MOVE = YES;
				CLANG_WARN_UNGUARDED_AVAILABILITY = YES_AGGRESSIVE;
				CLANG_WARN_UNREACHABLE_CODE = YES;
				CLANG_WARN__DUPLICATE_METHOD_MATCH = YES;
				CODE_SIGN_IDENTITY = "iPhone Developer";
				COPY_PHASE_STRIP = NO;
				DEBUG_INFORMATION_FORMAT = "dwarf-with-dsym";
				ENABLE_NS_ASSERTIONS = NO;
				ENABLE_STRICT_OBJC_MSGSEND = YES;
				GCC_C_LANGUAGE_STANDARD = gnu11;
				GCC_NO_COMMON_BLOCKS = YES;
				GCC_WARN_64_TO_32_BIT_CONVERSION = YES;
				GCC_WARN_ABOUT_RETURN_TYPE = YES_ERROR;
				GCC_WARN_UNDECLARED_SELECTOR = YES;
				GCC_WARN_UNINITIALIZED_AUTOS = YES_AGGRESSIVE;
				GCC_WARN_UNUSED_FUNCTION = YES;
				GCC_WARN_UNUSED_VARIABLE = YES;
				IPHONEOS_DEPLOYMENT_TARGET = 12.1;
				MTL_ENABLE_DEBUG_INFO = NO;
				MTL_FAST_MATH = YES;
				SDKROOT = iphoneos;
				SWIFT_COMPILATION_MODE = wholemodule;
				SWIFT_OPTIMIZATION_LEVEL = "-O";
				VALIDATE_PRODUCT = YES;
			};
			name = Release;
		};
		10998B2021F382690044DBAA /* Debug */ = {
			isa = XCBuildConfiguration;
			baseConfigurationReference = FF5E19D9ACDABD3FF76DB2FB /* Pods-Swift-Music.debug.xcconfig */;
			buildSettings = {
				ASSETCATALOG_COMPILER_APPICON_NAME = AppIcon;
				CODE_SIGN_STYLE = Automatic;
				DEVELOPMENT_TEAM = ZCZ7U4WT6L;
				INFOPLIST_FILE = "Swift-Music/Info.plist";
				LD_RUNPATH_SEARCH_PATHS = (
					"$(inherited)",
					"@executable_path/Frameworks",
				);
				PRODUCT_BUNDLE_IDENTIFIER = "jsh8w.Swift-Music";
				PRODUCT_NAME = "$(TARGET_NAME)";
				SWIFT_VERSION = 4.2;
				TARGETED_DEVICE_FAMILY = "1,2";
			};
			name = Debug;
		};
		10998B2121F382690044DBAA /* Release */ = {
			isa = XCBuildConfiguration;
			baseConfigurationReference = 82A83FC8D33526A2D2160D5F /* Pods-Swift-Music.release.xcconfig */;
			buildSettings = {
				ASSETCATALOG_COMPILER_APPICON_NAME = AppIcon;
				CODE_SIGN_STYLE = Automatic;
				DEVELOPMENT_TEAM = ZCZ7U4WT6L;
				INFOPLIST_FILE = "Swift-Music/Info.plist";
				LD_RUNPATH_SEARCH_PATHS = (
					"$(inherited)",
					"@executable_path/Frameworks",
				);
				PRODUCT_BUNDLE_IDENTIFIER = "jsh8w.Swift-Music";
				PRODUCT_NAME = "$(TARGET_NAME)";
				SWIFT_VERSION = 4.2;
				TARGETED_DEVICE_FAMILY = "1,2";
			};
			name = Release;
		};
		10998B2321F382690044DBAA /* Debug */ = {
			isa = XCBuildConfiguration;
			baseConfigurationReference = 299CA51522FB672B88E144D4 /* Pods-Swift-MusicTests.debug.xcconfig */;
			buildSettings = {
				ALWAYS_EMBED_SWIFT_STANDARD_LIBRARIES = YES;
				BUNDLE_LOADER = "$(TEST_HOST)";
				CODE_SIGN_STYLE = Automatic;
				DEVELOPMENT_TEAM = ZCZ7U4WT6L;
				INFOPLIST_FILE = "Swift-MusicTests/Info.plist";
				LD_RUNPATH_SEARCH_PATHS = (
					"$(inherited)",
					"@executable_path/Frameworks",
					"@loader_path/Frameworks",
				);
				PRODUCT_BUNDLE_IDENTIFIER = "jsh8w.Swift-MusicTests";
				PRODUCT_NAME = "$(TARGET_NAME)";
				SWIFT_VERSION = 4.2;
				TARGETED_DEVICE_FAMILY = "1,2";
				TEST_HOST = "$(BUILT_PRODUCTS_DIR)/Swift-Music.app/Swift-Music";
			};
			name = Debug;
		};
		10998B2421F382690044DBAA /* Release */ = {
			isa = XCBuildConfiguration;
			baseConfigurationReference = 093DADF326BCE642C02CD0A2 /* Pods-Swift-MusicTests.release.xcconfig */;
			buildSettings = {
				ALWAYS_EMBED_SWIFT_STANDARD_LIBRARIES = YES;
				BUNDLE_LOADER = "$(TEST_HOST)";
				CODE_SIGN_STYLE = Automatic;
				DEVELOPMENT_TEAM = ZCZ7U4WT6L;
				INFOPLIST_FILE = "Swift-MusicTests/Info.plist";
				LD_RUNPATH_SEARCH_PATHS = (
					"$(inherited)",
					"@executable_path/Frameworks",
					"@loader_path/Frameworks",
				);
				PRODUCT_BUNDLE_IDENTIFIER = "jsh8w.Swift-MusicTests";
				PRODUCT_NAME = "$(TARGET_NAME)";
				SWIFT_VERSION = 4.2;
				TARGETED_DEVICE_FAMILY = "1,2";
				TEST_HOST = "$(BUILT_PRODUCTS_DIR)/Swift-Music.app/Swift-Music";
			};
			name = Release;
		};
/* End XCBuildConfiguration section */

/* Begin XCConfigurationList section */
		10998AFD21F382670044DBAA /* Build configuration list for PBXProject "Swift-Music" */ = {
			isa = XCConfigurationList;
			buildConfigurations = (
				10998B1D21F382690044DBAA /* Debug */,
				10998B1E21F382690044DBAA /* Release */,
			);
			defaultConfigurationIsVisible = 0;
			defaultConfigurationName = Release;
		};
		10998B1F21F382690044DBAA /* Build configuration list for PBXNativeTarget "Swift-Music" */ = {
			isa = XCConfigurationList;
			buildConfigurations = (
				10998B2021F382690044DBAA /* Debug */,
				10998B2121F382690044DBAA /* Release */,
			);
			defaultConfigurationIsVisible = 0;
			defaultConfigurationName = Release;
		};
		10998B2221F382690044DBAA /* Build configuration list for PBXNativeTarget "Swift-MusicTests" */ = {
			isa = XCConfigurationList;
			buildConfigurations = (
				10998B2321F382690044DBAA /* Debug */,
				10998B2421F382690044DBAA /* Release */,
			);
			defaultConfigurationIsVisible = 0;
			defaultConfigurationName = Release;
		};
/* End XCConfigurationList section */
	};
	rootObject = 10998AFA21F382670044DBAA /* Project object */;
}
